
Microsoft Visual Studio Solution File, Format Version 12.00
# Visual Studio Version 17
VisualStudioVersion = 17.9.34616.47
MinimumVisualStudioVersion = 10.0.40219.1
Project("{8BC9CEB8-8B4A-11D0-8D11-00A0C91BC942}") = "ucp_pemdas1", "ucp_pemdas1\ucp_pemdas1.vcxproj", "{A568FF0C-26C3-4877-A4E3-E36D78429F55}"
EndProject
Global
	GlobalSection(SolutionConfigurationPlatforms) = preSolution
		Debug|x64 = Debug|x64
		Debug|x86 = Debug|x86
		Release|x64 = Release|x64
		Release|x86 = Release|x86
	EndGlobalSection
	GlobalSection(ProjectConfigurationPlatforms) = postSolution
		{A568FF0C-26C3-4877-A4E3-E36D78429F55}.Debug|x64.ActiveCfg = Debug|x64
		{A568FF0C-26C3-4877-A4E3-E36D78429F55}.Debug|x64.Build.0 = Debug|x64
		{A568FF0C-26C3-4877-A4E3-E36D78429F55}.Debug|x86.ActiveCfg = Debug|Win32
		{A568FF0C-26C3-4877-A4E3-E36D78429F55}.Debug|x86.Build.0 = Debug|Win32
		{A568FF0C-26C3-4877-A4E3-E36D78429F55}.Release|x64.ActiveCfg = Release|x64
		{A568FF0C-26C3-4877-A4E3-E36D78429F55}.Release|x64.Build.0 = Release|x64
		{A568FF0C-26C3-4877-A4E3-E36D78429F55}.Release|x86.ActiveCfg = Release|Win32
		{A568FF0C-26C3-4877-A4E3-E36D78429F55}.Release|x86.Build.0 = Release|Win32
	EndGlobalSection
	GlobalSection(SolutionProperties) = preSolution
		HideSolutionNode = FALSE
	EndGlobalSection
	GlobalSection(ExtensibilityGlobals) = postSolution
		SolutionGuid = {6869EE13-F20C-4841-BCC6-6234C0AC0D90}
	EndGlobalSection
EndGlobal
